
Microsoft Visual Studio Solution File, Format Version 12.00
# Visual Studio Version 17
VisualStudioVersion = 17.11.35312.102
MinimumVisualStudioVersion = 10.0.40219.1
Project("{9A19103F-16F7-4668-BE54-9A1E7A4F7556}") = "Wedding", "Wedding\Wedding.csproj", "{7783D0A4-1F53-4EB2-80A2-521A1CF576C9}"
EndProject
Project("{00D1A9C2-B5F0-4AF3-8072-F6C62B433612}") = "Database", "Database\Database.sqlproj", "{6B752739-A130-4FED-B527-3E5E2E35178B}"
EndProject
Project("{FAE04EC0-301F-11D3-BF4B-00C04F79EFBC}") = "Common", "Common\Common.csproj", "{DE050348-B76F-4960-A06D-887849134637}"
EndProject
Global
	GlobalSection(SolutionConfigurationPlatforms) = preSolution
		Debug|Any CPU = Debug|Any CPU
		Release|Any CPU = Release|Any CPU
	EndGlobalSection
	GlobalSection(ProjectConfigurationPlatforms) = postSolution
		{7783D0A4-1F53-4EB2-80A2-521A1CF576C9}.Debug|Any CPU.ActiveCfg = Debug|Any CPU
		{7783D0A4-1F53-4EB2-80A2-521A1CF576C9}.Debug|Any CPU.Build.0 = Debug|Any CPU
		{7783D0A4-1F53-4EB2-80A2-521A1CF576C9}.Release|Any CPU.ActiveCfg = Release|Any CPU
		{7783D0A4-1F53-4EB2-80A2-521A1CF576C9}.Release|Any CPU.Build.0 = Release|Any CPU
		{6B752739-A130-4FED-B527-3E5E2E35178B}.Debug|Any CPU.ActiveCfg = Debug|Any CPU
		{6B752739-A130-4FED-B527-3E5E2E35178B}.Debug|Any CPU.Build.0 = Debug|Any CPU
		{6B752739-A130-4FED-B527-3E5E2E35178B}.Debug|Any CPU.Deploy.0 = Debug|Any CPU
		{6B752739-A130-4FED-B527-3E5E2E35178B}.Release|Any CPU.ActiveCfg = Release|Any CPU
		{6B752739-A130-4FED-B527-3E5E2E35178B}.Release|Any CPU.Build.0 = Release|Any CPU
		{6B752739-A130-4FED-B527-3E5E2E35178B}.Release|Any CPU.Deploy.0 = Release|Any CPU
		{DE050348-B76F-4960-A06D-887849134637}.Debug|Any CPU.ActiveCfg = Debug|Any CPU
		{DE050348-B76F-4960-A06D-887849134637}.Debug|Any CPU.Build.0 = Debug|Any CPU
		{DE050348-B76F-4960-A06D-887849134637}.Release|Any CPU.ActiveCfg = Release|Any CPU
		{DE050348-B76F-4960-A06D-887849134637}.Release|Any CPU.Build.0 = Release|Any CPU
	EndGlobalSection
	GlobalSection(SolutionProperties) = preSolution
		HideSolutionNode = FALSE
	EndGlobalSection
	GlobalSection(ExtensibilityGlobals) = postSolution
		SolutionGuid = {8171E1C0-7879-4E19-ADC9-0C7763EC0DB7}
	EndGlobalSection
EndGlobal
